// !$*UTF8*$!
{
	archiveVersion = 1;
	classes = {
	};
	objectVersion = 52;
	objects = {

/* Begin PBXBuildFile section */
		401BCA50250F5D9E009A45DF /* UIViewController+Ext.swift in Sources */ = {isa = PBXBuildFile; fileRef = 401BCA4F250F5D9E009A45DF /* UIViewController+Ext.swift */; };
		402DF2192508BEEC00799D47 /* Request.swift in Sources */ = {isa = PBXBuildFile; fileRef = 402DF2182508BEEC00799D47 /* Request.swift */; };
		402DF21C2508C39300799D47 /* PersistenceManager.swift in Sources */ = {isa = PBXBuildFile; fileRef = 402DF21B2508C39300799D47 /* PersistenceManager.swift */; };
		402DF21F2508C56A00799D47 /* TRError.swift in Sources */ = {isa = PBXBuildFile; fileRef = 402DF21E2508C56A00799D47 /* TRError.swift */; };
		402DF2212508CCE900799D47 /* TRRequestCell.swift in Sources */ = {isa = PBXBuildFile; fileRef = 402DF2202508CCE900799D47 /* TRRequestCell.swift */; };
		402DF2242508D6C300799D47 /* TRNamingContainer.swift in Sources */ = {isa = PBXBuildFile; fileRef = 402DF2232508D6C300799D47 /* TRNamingContainer.swift */; };
		402DF22C2508D95A00799D47 /* TRTitleLabel.swift in Sources */ = {isa = PBXBuildFile; fileRef = 402DF22B2508D95A00799D47 /* TRTitleLabel.swift */; };
		402DF22E2508D96800799D47 /* TRBodyLabel.swift in Sources */ = {isa = PBXBuildFile; fileRef = 402DF22D2508D96800799D47 /* TRBodyLabel.swift */; };
		402DF2312508D9A100799D47 /* TRButton.swift in Sources */ = {isa = PBXBuildFile; fileRef = 402DF2302508D9A100799D47 /* TRButton.swift */; };
		402DF2342509008700799D47 /* Paragraph.swift in Sources */ = {isa = PBXBuildFile; fileRef = 402DF2332509008700799D47 /* Paragraph.swift */; };
		40304337250A1C520031B355 /* RequestSavingVC.swift in Sources */ = {isa = PBXBuildFile; fileRef = 40304336250A1C520031B355 /* RequestSavingVC.swift */; };
		404658C025E924A400757B0D /* ResultsViewModel.swift in Sources */ = {isa = PBXBuildFile; fileRef = 404658BF25E924A400757B0D /* ResultsViewModel.swift */; };
		404658C625E93A8300757B0D /* ResultsViewModelTests.swift in Sources */ = {isa = PBXBuildFile; fileRef = 404658C525E93A8300757B0D /* ResultsViewModelTests.swift */; };
		404658CE25E93F6000757B0D /* ResultsVC+SaveBarButton.swift in Sources */ = {isa = PBXBuildFile; fileRef = 404658CD25E93F6000757B0D /* ResultsVC+SaveBarButton.swift */; };
		407D4D83250B551D00CB1EA8 /* TRTextField.swift in Sources */ = {isa = PBXBuildFile; fileRef = 407D4D82250B551D00CB1EA8 /* TRTextField.swift */; };
		40911C89250216BB009A1A14 /* TRParagraphCell.swift in Sources */ = {isa = PBXBuildFile; fileRef = 40911C88250216BB009A1A14 /* TRParagraphCell.swift */; };
		40911C8B250219A5009A1A14 /* UITableView+Ext.swift in Sources */ = {isa = PBXBuildFile; fileRef = 40911C8A250219A4009A1A14 /* UITableView+Ext.swift */; };
		40911C8E25022892009A1A14 /* Constants.swift in Sources */ = {isa = PBXBuildFile; fileRef = 40911C8D25022892009A1A14 /* Constants.swift */; };
		40911C902502717B009A1A14 /* TRMechanismCell.swift in Sources */ = {isa = PBXBuildFile; fileRef = 40911C8F2502717B009A1A14 /* TRMechanismCell.swift */; };
		409E479725EFD502006F5DA6 /* SnapKit in Frameworks */ = {isa = PBXBuildFile; productRef = 409E479625EFD502006F5DA6 /* SnapKit */; };
		40A115FF25E522A200E0E224 /* SavedRequestsVC+DataSource.swift in Sources */ = {isa = PBXBuildFile; fileRef = 40A115FE25E522A200E0E224 /* SavedRequestsVC+DataSource.swift */; };
		40A1160225E522B000E0E224 /* SavedRequestsVC+TableView.swift in Sources */ = {isa = PBXBuildFile; fileRef = 40A1160125E522B000E0E224 /* SavedRequestsVC+TableView.swift */; };
		40A1160525E5235400E0E224 /* ResultsVC+RequestSavingVCDelegate.swift in Sources */ = {isa = PBXBuildFile; fileRef = 40A1160425E5235400E0E224 /* ResultsVC+RequestSavingVCDelegate.swift */; };
		40A1160825E523A200E0E224 /* ResultsVC+TableViewDelegate.swift in Sources */ = {isa = PBXBuildFile; fileRef = 40A1160725E523A200E0E224 /* ResultsVC+TableViewDelegate.swift */; };
		40A1160C25E523DC00E0E224 /* ResultsVC+DataSource.swift in Sources */ = {isa = PBXBuildFile; fileRef = 40A1160B25E523DC00E0E224 /* ResultsVC+DataSource.swift */; };
		40A1161025E5245100E0E224 /* MechanismPickerVC+UISearchResultsUpdating.swift in Sources */ = {isa = PBXBuildFile; fileRef = 40A1160F25E5245100E0E224 /* MechanismPickerVC+UISearchResultsUpdating.swift */; };
		40A1161625E524BB00E0E224 /* MechanismPickerVC+DataSource.swift in Sources */ = {isa = PBXBuildFile; fileRef = 40A1161525E524BB00E0E224 /* MechanismPickerVC+DataSource.swift */; };
		40A1EB80250BB166002E6F06 /* SuccessCheck.swift in Sources */ = {isa = PBXBuildFile; fileRef = 40A1EB7F250BB166002E6F06 /* SuccessCheck.swift */; };
		40C3DC0C2500CC95008E04EC /* TRTabBarController.swift in Sources */ = {isa = PBXBuildFile; fileRef = 40C3DC0B2500CC95008E04EC /* TRTabBarController.swift */; };
		40C3DC112500CD00008E04EC /* MechanismPickerVC.swift in Sources */ = {isa = PBXBuildFile; fileRef = 40C3DC102500CD00008E04EC /* MechanismPickerVC.swift */; };
		40C3DC132500CE34008E04EC /* SavedRequestsVC.swift in Sources */ = {isa = PBXBuildFile; fileRef = 40C3DC122500CE34008E04EC /* SavedRequestsVC.swift */; };
		40C3DC182500DBCB008E04EC /* UIView+Ext.swift in Sources */ = {isa = PBXBuildFile; fileRef = 40C3DC172500DBCB008E04EC /* UIView+Ext.swift */; };
		40C3DC21250122C2008E04EC /* ResultsVC.swift in Sources */ = {isa = PBXBuildFile; fileRef = 40C3DC20250122C2008E04EC /* ResultsVC.swift */; };
		40FE8D8F24F3D9E70082CB19 /* AppDelegate.swift in Sources */ = {isa = PBXBuildFile; fileRef = 40FE8D8E24F3D9E70082CB19 /* AppDelegate.swift */; };
		40FE8D9124F3D9E70082CB19 /* SceneDelegate.swift in Sources */ = {isa = PBXBuildFile; fileRef = 40FE8D9024F3D9E70082CB19 /* SceneDelegate.swift */; };
		40FE8D9824F3D9E80082CB19 /* Assets.xcassets in Resources */ = {isa = PBXBuildFile; fileRef = 40FE8D9724F3D9E80082CB19 /* Assets.xcassets */; };
		40FE8D9B24F3D9E80082CB19 /* LaunchScreen.storyboard in Resources */ = {isa = PBXBuildFile; fileRef = 40FE8D9924F3D9E80082CB19 /* LaunchScreen.storyboard */; };
		40FE8DA324F3DB140082CB19 /* Mechanism.swift in Sources */ = {isa = PBXBuildFile; fileRef = 40FE8DA224F3DB140082CB19 /* Mechanism.swift */; };
/* End PBXBuildFile section */

/* Begin PBXContainerItemProxy section */
		4071ADE025E7910000534ED3 /* PBXContainerItemProxy */ = {
			isa = PBXContainerItemProxy;
			containerPortal = 40FE8D8324F3D9E70082CB19 /* Project object */;
			proxyType = 1;
			remoteGlobalIDString = 40FE8D8A24F3D9E70082CB19;
			remoteInfo = testRequest;
		};
/* End PBXContainerItemProxy section */

/* Begin PBXFileReference section */
		401BCA4F250F5D9E009A45DF /* UIViewController+Ext.swift */ = {isa = PBXFileReference; lastKnownFileType = sourcecode.swift; path = "UIViewController+Ext.swift"; sourceTree = "<group>"; };
		402DF2182508BEEC00799D47 /* Request.swift */ = {isa = PBXFileReference; lastKnownFileType = sourcecode.swift; path = Request.swift; sourceTree = "<group>"; };
		402DF21B2508C39300799D47 /* PersistenceManager.swift */ = {isa = PBXFileReference; lastKnownFileType = sourcecode.swift; path = PersistenceManager.swift; sourceTree = "<group>"; };
		402DF21E2508C56A00799D47 /* TRError.swift */ = {isa = PBXFileReference; lastKnownFileType = sourcecode.swift; path = TRError.swift; sourceTree = "<group>"; };
		402DF2202508CCE900799D47 /* TRRequestCell.swift */ = {isa = PBXFileReference; lastKnownFileType = sourcecode.swift; path = TRRequestCell.swift; sourceTree = "<group>"; };
		402DF2232508D6C300799D47 /* TRNamingContainer.swift */ = {isa = PBXFileReference; lastKnownFileType = sourcecode.swift; path = TRNamingContainer.swift; sourceTree = "<group>"; };
		402DF22B2508D95A00799D47 /* TRTitleLabel.swift */ = {isa = PBXFileReference; lastKnownFileType = sourcecode.swift; path = TRTitleLabel.swift; sourceTree = "<group>"; };
		402DF22D2508D96800799D47 /* TRBodyLabel.swift */ = {isa = PBXFileReference; lastKnownFileType = sourcecode.swift; path = TRBodyLabel.swift; sourceTree = "<group>"; };
		402DF2302508D9A100799D47 /* TRButton.swift */ = {isa = PBXFileReference; lastKnownFileType = sourcecode.swift; path = TRButton.swift; sourceTree = "<group>"; };
		402DF2332509008700799D47 /* Paragraph.swift */ = {isa = PBXFileReference; lastKnownFileType = sourcecode.swift; path = Paragraph.swift; sourceTree = "<group>"; };
		40304336250A1C520031B355 /* RequestSavingVC.swift */ = {isa = PBXFileReference; lastKnownFileType = sourcecode.swift; path = RequestSavingVC.swift; sourceTree = "<group>"; };
		404658BF25E924A400757B0D /* ResultsViewModel.swift */ = {isa = PBXFileReference; lastKnownFileType = sourcecode.swift; path = ResultsViewModel.swift; sourceTree = "<group>"; };
		404658C525E93A8300757B0D /* ResultsViewModelTests.swift */ = {isa = PBXFileReference; lastKnownFileType = sourcecode.swift; path = ResultsViewModelTests.swift; sourceTree = "<group>"; };
		404658CD25E93F6000757B0D /* ResultsVC+SaveBarButton.swift */ = {isa = PBXFileReference; lastKnownFileType = sourcecode.swift; path = "ResultsVC+SaveBarButton.swift"; sourceTree = "<group>"; };
		4071ADDB25E7910000534ED3 /* testRequestTests.xctest */ = {isa = PBXFileReference; explicitFileType = wrapper.cfbundle; includeInIndex = 0; path = testRequestTests.xctest; sourceTree = BUILT_PRODUCTS_DIR; };
		4071ADDF25E7910000534ED3 /* Info.plist */ = {isa = PBXFileReference; lastKnownFileType = text.plist.xml; path = Info.plist; sourceTree = "<group>"; };
		407D4D82250B551D00CB1EA8 /* TRTextField.swift */ = {isa = PBXFileReference; lastKnownFileType = sourcecode.swift; path = TRTextField.swift; sourceTree = "<group>"; };
		40911C88250216BB009A1A14 /* TRParagraphCell.swift */ = {isa = PBXFileReference; lastKnownFileType = sourcecode.swift; path = TRParagraphCell.swift; sourceTree = "<group>"; };
		40911C8A250219A4009A1A14 /* UITableView+Ext.swift */ = {isa = PBXFileReference; lastKnownFileType = sourcecode.swift; path = "UITableView+Ext.swift"; sourceTree = "<group>"; };
		40911C8D25022892009A1A14 /* Constants.swift */ = {isa = PBXFileReference; lastKnownFileType = sourcecode.swift; path = Constants.swift; sourceTree = "<group>"; };
		40911C8F2502717B009A1A14 /* TRMechanismCell.swift */ = {isa = PBXFileReference; lastKnownFileType = sourcecode.swift; path = TRMechanismCell.swift; sourceTree = "<group>"; };
		40A115FE25E522A200E0E224 /* SavedRequestsVC+DataSource.swift */ = {isa = PBXFileReference; lastKnownFileType = sourcecode.swift; path = "SavedRequestsVC+DataSource.swift"; sourceTree = "<group>"; };
		40A1160125E522B000E0E224 /* SavedRequestsVC+TableView.swift */ = {isa = PBXFileReference; lastKnownFileType = sourcecode.swift; path = "SavedRequestsVC+TableView.swift"; sourceTree = "<group>"; };
		40A1160425E5235400E0E224 /* ResultsVC+RequestSavingVCDelegate.swift */ = {isa = PBXFileReference; lastKnownFileType = sourcecode.swift; path = "ResultsVC+RequestSavingVCDelegate.swift"; sourceTree = "<group>"; };
		40A1160725E523A200E0E224 /* ResultsVC+TableViewDelegate.swift */ = {isa = PBXFileReference; lastKnownFileType = sourcecode.swift; path = "ResultsVC+TableViewDelegate.swift"; sourceTree = "<group>"; };
		40A1160B25E523DC00E0E224 /* ResultsVC+DataSource.swift */ = {isa = PBXFileReference; lastKnownFileType = sourcecode.swift; path = "ResultsVC+DataSource.swift"; sourceTree = "<group>"; };
		40A1160F25E5245100E0E224 /* MechanismPickerVC+UISearchResultsUpdating.swift */ = {isa = PBXFileReference; lastKnownFileType = sourcecode.swift; path = "MechanismPickerVC+UISearchResultsUpdating.swift"; sourceTree = "<group>"; };
		40A1161525E524BB00E0E224 /* MechanismPickerVC+DataSource.swift */ = {isa = PBXFileReference; lastKnownFileType = sourcecode.swift; path = "MechanismPickerVC+DataSource.swift"; sourceTree = "<group>"; };
		40A1EB7F250BB166002E6F06 /* SuccessCheck.swift */ = {isa = PBXFileReference; fileEncoding = 4; lastKnownFileType = sourcecode.swift; path = SuccessCheck.swift; sourceTree = "<group>"; };
		40C3DC0B2500CC95008E04EC /* TRTabBarController.swift */ = {isa = PBXFileReference; lastKnownFileType = sourcecode.swift; path = TRTabBarController.swift; sourceTree = "<group>"; };
		40C3DC102500CD00008E04EC /* MechanismPickerVC.swift */ = {isa = PBXFileReference; lastKnownFileType = sourcecode.swift; path = MechanismPickerVC.swift; sourceTree = "<group>"; };
		40C3DC122500CE34008E04EC /* SavedRequestsVC.swift */ = {isa = PBXFileReference; lastKnownFileType = sourcecode.swift; path = SavedRequestsVC.swift; sourceTree = "<group>"; };
		40C3DC172500DBCB008E04EC /* UIView+Ext.swift */ = {isa = PBXFileReference; lastKnownFileType = sourcecode.swift; path = "UIView+Ext.swift"; sourceTree = "<group>"; };
		40C3DC20250122C2008E04EC /* ResultsVC.swift */ = {isa = PBXFileReference; lastKnownFileType = sourcecode.swift; path = ResultsVC.swift; sourceTree = "<group>"; };
		40FE8D8B24F3D9E70082CB19 /* testRequest.app */ = {isa = PBXFileReference; explicitFileType = wrapper.application; includeInIndex = 0; path = testRequest.app; sourceTree = BUILT_PRODUCTS_DIR; };
		40FE8D8E24F3D9E70082CB19 /* AppDelegate.swift */ = {isa = PBXFileReference; lastKnownFileType = sourcecode.swift; path = AppDelegate.swift; sourceTree = "<group>"; };
		40FE8D9024F3D9E70082CB19 /* SceneDelegate.swift */ = {isa = PBXFileReference; lastKnownFileType = sourcecode.swift; path = SceneDelegate.swift; sourceTree = "<group>"; };
		40FE8D9724F3D9E80082CB19 /* Assets.xcassets */ = {isa = PBXFileReference; lastKnownFileType = folder.assetcatalog; path = Assets.xcassets; sourceTree = "<group>"; };
		40FE8D9A24F3D9E80082CB19 /* Base */ = {isa = PBXFileReference; lastKnownFileType = file.storyboard; name = Base; path = Base.lproj/LaunchScreen.storyboard; sourceTree = "<group>"; };
		40FE8D9C24F3D9E80082CB19 /* Info.plist */ = {isa = PBXFileReference; lastKnownFileType = text.plist.xml; path = Info.plist; sourceTree = "<group>"; };
		40FE8DA224F3DB140082CB19 /* Mechanism.swift */ = {isa = PBXFileReference; lastKnownFileType = sourcecode.swift; path = Mechanism.swift; sourceTree = "<group>"; };
/* End PBXFileReference section */

/* Begin PBXFrameworksBuildPhase section */
		4071ADD825E7910000534ED3 /* Frameworks */ = {
			isa = PBXFrameworksBuildPhase;
			buildActionMask = 2147483647;
			files = (
			);
			runOnlyForDeploymentPostprocessing = 0;
		};
		40FE8D8824F3D9E70082CB19 /* Frameworks */ = {
			isa = PBXFrameworksBuildPhase;
			buildActionMask = 2147483647;
			files = (
				409E479725EFD502006F5DA6 /* SnapKit in Frameworks */,
			);
			runOnlyForDeploymentPostprocessing = 0;
		};
/* End PBXFrameworksBuildPhase section */

/* Begin PBXGroup section */
		402DF21A2508C38300799D47 /* Managers */ = {
			isa = PBXGroup;
			children = (
				402DF21B2508C39300799D47 /* PersistenceManager.swift */,
			);
			path = Managers;
			sourceTree = "<group>";
		};
		402DF2222508D6A800799D47 /* Views */ = {
			isa = PBXGroup;
			children = (
				40A1EB7F250BB166002E6F06 /* SuccessCheck.swift */,
				402DF2232508D6C300799D47 /* TRNamingContainer.swift */,
			);
			path = Views;
			sourceTree = "<group>";
		};
		402DF22A2508D93100799D47 /* Labels */ = {
			isa = PBXGroup;
			children = (
				402DF22B2508D95A00799D47 /* TRTitleLabel.swift */,
				402DF22D2508D96800799D47 /* TRBodyLabel.swift */,
			);
			path = Labels;
			sourceTree = "<group>";
		};
		402DF22F2508D97F00799D47 /* Buttons */ = {
			isa = PBXGroup;
			children = (
				402DF2302508D9A100799D47 /* TRButton.swift */,
			);
			path = Buttons;
			sourceTree = "<group>";
		};
		4071ADDC25E7910000534ED3 /* testRequestTests */ = {
			isa = PBXGroup;
			children = (
				404658C525E93A8300757B0D /* ResultsViewModelTests.swift */,
				4071ADDF25E7910000534ED3 /* Info.plist */,
			);
			path = testRequestTests;
			sourceTree = "<group>";
		};
		407D4D81250B550E00CB1EA8 /* TextFields */ = {
			isa = PBXGroup;
			children = (
				407D4D82250B551D00CB1EA8 /* TRTextField.swift */,
			);
			path = TextFields;
			sourceTree = "<group>";
		};
		40911C8725021688009A1A14 /* Cells */ = {
			isa = PBXGroup;
			children = (
				40911C8F2502717B009A1A14 /* TRMechanismCell.swift */,
				40911C88250216BB009A1A14 /* TRParagraphCell.swift */,
				402DF2202508CCE900799D47 /* TRRequestCell.swift */,
			);
			path = Cells;
			sourceTree = "<group>";
		};
		40911C8C25022885009A1A14 /* Utilities */ = {
			isa = PBXGroup;
			children = (
				402DF21E2508C56A00799D47 /* TRError.swift */,
			);
			path = Utilities;
			sourceTree = "<group>";
		};
		40C3DC0D2500CCD9008E04EC /* Screens */ = {
			isa = PBXGroup;
			children = (
				40CC417225E5091F00418713 /* Mechanism Picker */,
				40CC417525E5095B00418713 /* Saved Requests */,
			);
			path = Screens;
			sourceTree = "<group>";
		};
		40C3DC142500D1C1008E04EC /* Custom */ = {
			isa = PBXGroup;
			children = (
				402DF22F2508D97F00799D47 /* Buttons */,
				40911C8725021688009A1A14 /* Cells */,
				40CC417025E508CD00418713 /* Constants */,
				40C3DC162500DBBE008E04EC /* Extensions */,
				402DF22A2508D93100799D47 /* Labels */,
				402DF21A2508C38300799D47 /* Managers */,
				40C3DC152500D1DD008E04EC /* TabBars */,
				407D4D81250B550E00CB1EA8 /* TextFields */,
				40911C8C25022885009A1A14 /* Utilities */,
				402DF2222508D6A800799D47 /* Views */,
			);
			path = Custom;
			sourceTree = "<group>";
		};
		40C3DC152500D1DD008E04EC /* TabBars */ = {
			isa = PBXGroup;
			children = (
				40C3DC0B2500CC95008E04EC /* TRTabBarController.swift */,
			);
			path = TabBars;
			sourceTree = "<group>";
		};
		40C3DC162500DBBE008E04EC /* Extensions */ = {
			isa = PBXGroup;
			children = (
				40C3DC172500DBCB008E04EC /* UIView+Ext.swift */,
				40911C8A250219A4009A1A14 /* UITableView+Ext.swift */,
				401BCA4F250F5D9E009A45DF /* UIViewController+Ext.swift */,
			);
			path = Extensions;
			sourceTree = "<group>";
		};
		40CC417025E508CD00418713 /* Constants */ = {
			isa = PBXGroup;
			children = (
				40911C8D25022892009A1A14 /* Constants.swift */,
			);
			path = Constants;
			sourceTree = "<group>";
		};
		40CC417225E5091F00418713 /* Mechanism Picker */ = {
			isa = PBXGroup;
			children = (
				40C3DC102500CD00008E04EC /* MechanismPickerVC.swift */,
				40A1161525E524BB00E0E224 /* MechanismPickerVC+DataSource.swift */,
				40A1160F25E5245100E0E224 /* MechanismPickerVC+UISearchResultsUpdating.swift */,
				40CC417325E5093000418713 /* Results */,
			);
			path = "Mechanism Picker";
			sourceTree = "<group>";
		};
		40CC417325E5093000418713 /* Results */ = {
			isa = PBXGroup;
			children = (
				40C3DC20250122C2008E04EC /* ResultsVC.swift */,
				40A1160725E523A200E0E224 /* ResultsVC+TableViewDelegate.swift */,
				40A1160B25E523DC00E0E224 /* ResultsVC+DataSource.swift */,
				40A1160425E5235400E0E224 /* ResultsVC+RequestSavingVCDelegate.swift */,
				404658CD25E93F6000757B0D /* ResultsVC+SaveBarButton.swift */,
				404658BF25E924A400757B0D /* ResultsViewModel.swift */,
				40CC417425E5094000418713 /* Request Saving */,
			);
			path = Results;
			sourceTree = "<group>";
		};
		40CC417425E5094000418713 /* Request Saving */ = {
			isa = PBXGroup;
			children = (
				40304336250A1C520031B355 /* RequestSavingVC.swift */,
			);
			path = "Request Saving";
			sourceTree = "<group>";
		};
		40CC417525E5095B00418713 /* Saved Requests */ = {
			isa = PBXGroup;
			children = (
				40C3DC122500CE34008E04EC /* SavedRequestsVC.swift */,
				40A1160125E522B000E0E224 /* SavedRequestsVC+TableView.swift */,
				40A115FE25E522A200E0E224 /* SavedRequestsVC+DataSource.swift */,
			);
			path = "Saved Requests";
			sourceTree = "<group>";
		};
		40FE8D8224F3D9E70082CB19 = {
			isa = PBXGroup;
			children = (
				40FE8D8D24F3D9E70082CB19 /* testRequest */,
				4071ADDC25E7910000534ED3 /* testRequestTests */,
				40FE8D8C24F3D9E70082CB19 /* Products */,
			);
			sourceTree = "<group>";
		};
		40FE8D8C24F3D9E70082CB19 /* Products */ = {
			isa = PBXGroup;
			children = (
				40FE8D8B24F3D9E70082CB19 /* testRequest.app */,
				4071ADDB25E7910000534ED3 /* testRequestTests.xctest */,
			);
			name = Products;
			sourceTree = "<group>";
		};
		40FE8D8D24F3D9E70082CB19 /* testRequest */ = {
			isa = PBXGroup;
			children = (
				40C3DC0D2500CCD9008E04EC /* Screens */,
				40FE8DA824F3E5E60082CB19 /* Models */,
				40C3DC142500D1C1008E04EC /* Custom */,
				40FE8DA924F3E60A0082CB19 /* Support */,
				40FE8D9C24F3D9E80082CB19 /* Info.plist */,
			);
			path = testRequest;
			sourceTree = "<group>";
		};
		40FE8DA824F3E5E60082CB19 /* Models */ = {
			isa = PBXGroup;
			children = (
				40FE8DA224F3DB140082CB19 /* Mechanism.swift */,
				402DF2332509008700799D47 /* Paragraph.swift */,
				402DF2182508BEEC00799D47 /* Request.swift */,
			);
			path = Models;
			sourceTree = "<group>";
		};
		40FE8DA924F3E60A0082CB19 /* Support */ = {
			isa = PBXGroup;
			children = (
				40FE8D9724F3D9E80082CB19 /* Assets.xcassets */,
				40FE8D9924F3D9E80082CB19 /* LaunchScreen.storyboard */,
				40FE8D8E24F3D9E70082CB19 /* AppDelegate.swift */,
				40FE8D9024F3D9E70082CB19 /* SceneDelegate.swift */,
			);
			path = Support;
			sourceTree = "<group>";
		};
/* End PBXGroup section */

/* Begin PBXNativeTarget section */
		4071ADDA25E7910000534ED3 /* testRequestTests */ = {
			isa = PBXNativeTarget;
			buildConfigurationList = 4071ADE425E7910000534ED3 /* Build configuration list for PBXNativeTarget "testRequestTests" */;
			buildPhases = (
				4071ADD725E7910000534ED3 /* Sources */,
				4071ADD825E7910000534ED3 /* Frameworks */,
				4071ADD925E7910000534ED3 /* Resources */,
			);
			buildRules = (
			);
			dependencies = (
				4071ADE125E7910000534ED3 /* PBXTargetDependency */,
			);
			name = testRequestTests;
			productName = testRequestTests;
			productReference = 4071ADDB25E7910000534ED3 /* testRequestTests.xctest */;
			productType = "com.apple.product-type.bundle.unit-test";
		};
		40FE8D8A24F3D9E70082CB19 /* testRequest */ = {
			isa = PBXNativeTarget;
			buildConfigurationList = 40FE8D9F24F3D9E80082CB19 /* Build configuration list for PBXNativeTarget "testRequest" */;
			buildPhases = (
				40FE8D8724F3D9E70082CB19 /* Sources */,
				40FE8D8824F3D9E70082CB19 /* Frameworks */,
				40FE8D8924F3D9E70082CB19 /* Resources */,
				402DF2322508FA8A00799D47 /* Run Script */,
			);
			buildRules = (
			);
			dependencies = (
			);
			name = testRequest;
			packageProductDependencies = (
				409E479625EFD502006F5DA6 /* SnapKit */,
			);
			productName = testRequest;
			productReference = 40FE8D8B24F3D9E70082CB19 /* testRequest.app */;
			productType = "com.apple.product-type.application";
		};
/* End PBXNativeTarget section */

/* Begin PBXProject section */
		40FE8D8324F3D9E70082CB19 /* Project object */ = {
			isa = PBXProject;
			attributes = {
				LastSwiftUpdateCheck = 1240;
				LastUpgradeCheck = 1200;
				TargetAttributes = {
					4071ADDA25E7910000534ED3 = {
						CreatedOnToolsVersion = 12.4;
						TestTargetID = 40FE8D8A24F3D9E70082CB19;
					};
					40FE8D8A24F3D9E70082CB19 = {
						CreatedOnToolsVersion = 12.0;
					};
				};
			};
			buildConfigurationList = 40FE8D8624F3D9E70082CB19 /* Build configuration list for PBXProject "testRequest" */;
			compatibilityVersion = "Xcode 9.3";
			developmentRegion = en;
			hasScannedForEncodings = 0;
			knownRegions = (
				en,
				Base,
			);
			mainGroup = 40FE8D8224F3D9E70082CB19;
			packageReferences = (
				409E479525EFD502006F5DA6 /* XCRemoteSwiftPackageReference "SnapKit" */,
			);
			productRefGroup = 40FE8D8C24F3D9E70082CB19 /* Products */;
			projectDirPath = "";
			projectRoot = "";
			targets = (
				40FE8D8A24F3D9E70082CB19 /* testRequest */,
				4071ADDA25E7910000534ED3 /* testRequestTests */,
			);
		};
/* End PBXProject section */

/* Begin PBXResourcesBuildPhase section */
		4071ADD925E7910000534ED3 /* Resources */ = {
			isa = PBXResourcesBuildPhase;
			buildActionMask = 2147483647;
			files = (
			);
			runOnlyForDeploymentPostprocessing = 0;
		};
		40FE8D8924F3D9E70082CB19 /* Resources */ = {
			isa = PBXResourcesBuildPhase;
			buildActionMask = 2147483647;
			files = (
				40FE8D9B24F3D9E80082CB19 /* LaunchScreen.storyboard in Resources */,
				40FE8D9824F3D9E80082CB19 /* Assets.xcassets in Resources */,
			);
			runOnlyForDeploymentPostprocessing = 0;
		};
/* End PBXResourcesBuildPhase section */

/* Begin PBXShellScriptBuildPhase section */
		402DF2322508FA8A00799D47 /* Run Script */ = {
			isa = PBXShellScriptBuildPhase;
			buildActionMask = 2147483647;
			files = (
			);
			inputFileListPaths = (
			);
			inputPaths = (
			);
			name = "Run Script";
			outputFileListPaths = (
			);
			outputPaths = (
			);
			runOnlyForDeploymentPostprocessing = 0;
			shellPath = /bin/sh;
			shellScript = "TAGS=\"TODO:|FIXME:\"\nERRORTAG=\"ERROR:\"\nfind \"${SRCROOT}\" \\( -name \"*.h\" -or -name \"*.m\" -or -name \"*.swift\" \\) -print0 | xargs -0 egrep --with-filename --line-number --only-matching \"($TAGS).*\\$|($ERRORTAG).*\\$\" | perl -p -e \"s/($TAGS)/ warning: \\$1/\" | perl -p -e \"s/($ERRORTAG)/ error: \\$1/\"\n\nif which swiftlint >/dev/null; then\n  swiftlint\nelse\n  echo \"error: SwiftLint does not exist, download it from https://github.com/realm/SwiftLint\"\n  exit 1\nfi\n";
		};
/* End PBXShellScriptBuildPhase section */

/* Begin PBXSourcesBuildPhase section */
		4071ADD725E7910000534ED3 /* Sources */ = {
			isa = PBXSourcesBuildPhase;
			buildActionMask = 2147483647;
			files = (
				404658C625E93A8300757B0D /* ResultsViewModelTests.swift in Sources */,
			);
			runOnlyForDeploymentPostprocessing = 0;
		};
		40FE8D8724F3D9E70082CB19 /* Sources */ = {
			isa = PBXSourcesBuildPhase;
			buildActionMask = 2147483647;
			files = (
				40A115FF25E522A200E0E224 /* SavedRequestsVC+DataSource.swift in Sources */,
				40A1EB80250BB166002E6F06 /* SuccessCheck.swift in Sources */,
				40A1161025E5245100E0E224 /* MechanismPickerVC+UISearchResultsUpdating.swift in Sources */,
				40911C89250216BB009A1A14 /* TRParagraphCell.swift in Sources */,
				40911C902502717B009A1A14 /* TRMechanismCell.swift in Sources */,
				40A1160C25E523DC00E0E224 /* ResultsVC+DataSource.swift in Sources */,
				40C3DC182500DBCB008E04EC /* UIView+Ext.swift in Sources */,
				40304337250A1C520031B355 /* RequestSavingVC.swift in Sources */,
				402DF2192508BEEC00799D47 /* Request.swift in Sources */,
				404658C025E924A400757B0D /* ResultsViewModel.swift in Sources */,
				402DF22C2508D95A00799D47 /* TRTitleLabel.swift in Sources */,
				402DF21F2508C56A00799D47 /* TRError.swift in Sources */,
				402DF2342509008700799D47 /* Paragraph.swift in Sources */,
				40C3DC21250122C2008E04EC /* ResultsVC.swift in Sources */,
				40A1160525E5235400E0E224 /* ResultsVC+RequestSavingVCDelegate.swift in Sources */,
				40A1160825E523A200E0E224 /* ResultsVC+TableViewDelegate.swift in Sources */,
				40A1161625E524BB00E0E224 /* MechanismPickerVC+DataSource.swift in Sources */,
				407D4D83250B551D00CB1EA8 /* TRTextField.swift in Sources */,
				401BCA50250F5D9E009A45DF /* UIViewController+Ext.swift in Sources */,
				40911C8B250219A5009A1A14 /* UITableView+Ext.swift in Sources */,
				402DF21C2508C39300799D47 /* PersistenceManager.swift in Sources */,
				402DF22E2508D96800799D47 /* TRBodyLabel.swift in Sources */,
				40FE8D8F24F3D9E70082CB19 /* AppDelegate.swift in Sources */,
				40A1160225E522B000E0E224 /* SavedRequestsVC+TableView.swift in Sources */,
				404658CE25E93F6000757B0D /* ResultsVC+SaveBarButton.swift in Sources */,
				402DF2212508CCE900799D47 /* TRRequestCell.swift in Sources */,
				402DF2312508D9A100799D47 /* TRButton.swift in Sources */,
				402DF2242508D6C300799D47 /* TRNamingContainer.swift in Sources */,
				40FE8D9124F3D9E70082CB19 /* SceneDelegate.swift in Sources */,
				40FE8DA324F3DB140082CB19 /* Mechanism.swift in Sources */,
				40911C8E25022892009A1A14 /* Constants.swift in Sources */,
				40C3DC132500CE34008E04EC /* SavedRequestsVC.swift in Sources */,
				40C3DC112500CD00008E04EC /* MechanismPickerVC.swift in Sources */,
				40C3DC0C2500CC95008E04EC /* TRTabBarController.swift in Sources */,
			);
			runOnlyForDeploymentPostprocessing = 0;
		};
/* End PBXSourcesBuildPhase section */

/* Begin PBXTargetDependency section */
		4071ADE125E7910000534ED3 /* PBXTargetDependency */ = {
			isa = PBXTargetDependency;
			target = 40FE8D8A24F3D9E70082CB19 /* testRequest */;
			targetProxy = 4071ADE025E7910000534ED3 /* PBXContainerItemProxy */;
		};
/* End PBXTargetDependency section */

/* Begin PBXVariantGroup section */
		40FE8D9924F3D9E80082CB19 /* LaunchScreen.storyboard */ = {
			isa = PBXVariantGroup;
			children = (
				40FE8D9A24F3D9E80082CB19 /* Base */,
			);
			name = LaunchScreen.storyboard;
			sourceTree = "<group>";
		};
/* End PBXVariantGroup section */

/* Begin XCBuildConfiguration section */
		4071ADE225E7910000534ED3 /* Debug */ = {
			isa = XCBuildConfiguration;
			buildSettings = {
				BUNDLE_LOADER = "$(TEST_HOST)";
				CODE_SIGN_STYLE = Automatic;
				DEVELOPMENT_TEAM = 3Y322LSDU5;
				INFOPLIST_FILE = testRequestTests/Info.plist;
				IPHONEOS_DEPLOYMENT_TARGET = 14.4;
				LD_RUNPATH_SEARCH_PATHS = (
					"$(inherited)",
					"@executable_path/Frameworks",
					"@loader_path/Frameworks",
				);
				PRODUCT_BUNDLE_IDENTIFIER = com.zm1caps.testRequestTests;
				PRODUCT_NAME = "$(TARGET_NAME)";
				SWIFT_VERSION = 5.0;
				TARGETED_DEVICE_FAMILY = "1,2";
				TEST_HOST = "$(BUILT_PRODUCTS_DIR)/testRequest.app/testRequest";
			};
			name = Debug;
		};
		4071ADE325E7910000534ED3 /* Release */ = {
			isa = XCBuildConfiguration;
			buildSettings = {
				BUNDLE_LOADER = "$(TEST_HOST)";
				CODE_SIGN_STYLE = Automatic;
				DEVELOPMENT_TEAM = 3Y322LSDU5;
				INFOPLIST_FILE = testRequestTests/Info.plist;
				IPHONEOS_DEPLOYMENT_TARGET = 14.4;
				LD_RUNPATH_SEARCH_PATHS = (
					"$(inherited)",
					"@executable_path/Frameworks",
					"@loader_path/Frameworks",
				);
				PRODUCT_BUNDLE_IDENTIFIER = com.zm1caps.testRequestTests;
				PRODUCT_NAME = "$(TARGET_NAME)";
				SWIFT_VERSION = 5.0;
				TARGETED_DEVICE_FAMILY = "1,2";
				TEST_HOST = "$(BUILT_PRODUCTS_DIR)/testRequest.app/testRequest";
			};
			name = Release;
		};
		40FE8D9D24F3D9E80082CB19 /* Debug */ = {
			isa = XCBuildConfiguration;
			buildSettings = {
				ALWAYS_SEARCH_USER_PATHS = NO;
				CLANG_ANALYZER_NONNULL = YES;
				CLANG_ANALYZER_NUMBER_OBJECT_CONVERSION = YES_AGGRESSIVE;
				CLANG_CXX_LANGUAGE_STANDARD = "gnu++14";
				CLANG_CXX_LIBRARY = "libc++";
				CLANG_ENABLE_MODULES = YES;
				CLANG_ENABLE_OBJC_ARC = YES;
				CLANG_ENABLE_OBJC_WEAK = YES;
				CLANG_WARN_BLOCK_CAPTURE_AUTORELEASING = YES;
				CLANG_WARN_BOOL_CONVERSION = YES;
				CLANG_WARN_COMMA = YES;
				CLANG_WARN_CONSTANT_CONVERSION = YES;
				CLANG_WARN_DEPRECATED_OBJC_IMPLEMENTATIONS = YES;
				CLANG_WARN_DIRECT_OBJC_ISA_USAGE = YES_ERROR;
				CLANG_WARN_DOCUMENTATION_COMMENTS = YES;
				CLANG_WARN_EMPTY_BODY = YES;
				CLANG_WARN_ENUM_CONVERSION = YES;
				CLANG_WARN_INFINITE_RECURSION = YES;
				CLANG_WARN_INT_CONVERSION = YES;
				CLANG_WARN_NON_LITERAL_NULL_CONVERSION = YES;
				CLANG_WARN_OBJC_IMPLICIT_RETAIN_SELF = YES;
				CLANG_WARN_OBJC_LITERAL_CONVERSION = YES;
				CLANG_WARN_OBJC_ROOT_CLASS = YES_ERROR;
				CLANG_WARN_QUOTED_INCLUDE_IN_FRAMEWORK_HEADER = YES;
				CLANG_WARN_RANGE_LOOP_ANALYSIS = YES;
				CLANG_WARN_STRICT_PROTOTYPES = YES;
				CLANG_WARN_SUSPICIOUS_MOVE = YES;
				CLANG_WARN_UNGUARDED_AVAILABILITY = YES_AGGRESSIVE;
				CLANG_WARN_UNREACHABLE_CODE = YES;
				CLANG_WARN__DUPLICATE_METHOD_MATCH = YES;
				COPY_PHASE_STRIP = NO;
				DEBUG_INFORMATION_FORMAT = dwarf;
				ENABLE_STRICT_OBJC_MSGSEND = YES;
				ENABLE_TESTABILITY = YES;
				GCC_C_LANGUAGE_STANDARD = gnu11;
				GCC_DYNAMIC_NO_PIC = NO;
				GCC_NO_COMMON_BLOCKS = YES;
				GCC_OPTIMIZATION_LEVEL = 0;
				GCC_PREPROCESSOR_DEFINITIONS = (
					"DEBUG=1",
					"$(inherited)",
				);
				GCC_WARN_64_TO_32_BIT_CONVERSION = YES;
				GCC_WARN_ABOUT_RETURN_TYPE = YES_ERROR;
				GCC_WARN_UNDECLARED_SELECTOR = YES;
				GCC_WARN_UNINITIALIZED_AUTOS = YES_AGGRESSIVE;
				GCC_WARN_UNUSED_FUNCTION = YES;
				GCC_WARN_UNUSED_VARIABLE = YES;
				IPHONEOS_DEPLOYMENT_TARGET = 14.0;
				MTL_ENABLE_DEBUG_INFO = INCLUDE_SOURCE;
				MTL_FAST_MATH = YES;
				ONLY_ACTIVE_ARCH = YES;
				SDKROOT = iphoneos;
				SWIFT_ACTIVE_COMPILATION_CONDITIONS = DEBUG;
				SWIFT_OPTIMIZATION_LEVEL = "-Onone";
			};
			name = Debug;
		};
		40FE8D9E24F3D9E80082CB19 /* Release */ = {
			isa = XCBuildConfiguration;
			buildSettings = {
				ALWAYS_SEARCH_USER_PATHS = NO;
				CLANG_ANALYZER_NONNULL = YES;
				CLANG_ANALYZER_NUMBER_OBJECT_CONVERSION = YES_AGGRESSIVE;
				CLANG_CXX_LANGUAGE_STANDARD = "gnu++14";
				CLANG_CXX_LIBRARY = "libc++";
				CLANG_ENABLE_MODULES = YES;
				CLANG_ENABLE_OBJC_ARC = YES;
				CLANG_ENABLE_OBJC_WEAK = YES;
				CLANG_WARN_BLOCK_CAPTURE_AUTORELEASING = YES;
				CLANG_WARN_BOOL_CONVERSION = YES;
				CLANG_WARN_COMMA = YES;
				CLANG_WARN_CONSTANT_CONVERSION = YES;
				CLANG_WARN_DEPRECATED_OBJC_IMPLEMENTATIONS = YES;
				CLANG_WARN_DIRECT_OBJC_ISA_USAGE = YES_ERROR;
				CLANG_WARN_DOCUMENTATION_COMMENTS = YES;
				CLANG_WARN_EMPTY_BODY = YES;
				CLANG_WARN_ENUM_CONVERSION = YES;
				CLANG_WARN_INFINITE_RECURSION = YES;
				CLANG_WARN_INT_CONVERSION = YES;
				CLANG_WARN_NON_LITERAL_NULL_CONVERSION = YES;
				CLANG_WARN_OBJC_IMPLICIT_RETAIN_SELF = YES;
				CLANG_WARN_OBJC_LITERAL_CONVERSION = YES;
				CLANG_WARN_OBJC_ROOT_CLASS = YES_ERROR;
				CLANG_WARN_QUOTED_INCLUDE_IN_FRAMEWORK_HEADER = YES;
				CLANG_WARN_RANGE_LOOP_ANALYSIS = YES;
				CLANG_WARN_STRICT_PROTOTYPES = YES;
				CLANG_WARN_SUSPICIOUS_MOVE = YES;
				CLANG_WARN_UNGUARDED_AVAILABILITY = YES_AGGRESSIVE;
				CLANG_WARN_UNREACHABLE_CODE = YES;
				CLANG_WARN__DUPLICATE_METHOD_MATCH = YES;
				COPY_PHASE_STRIP = NO;
				DEBUG_INFORMATION_FORMAT = "dwarf-with-dsym";
				ENABLE_NS_ASSERTIONS = NO;
				ENABLE_STRICT_OBJC_MSGSEND = YES;
				GCC_C_LANGUAGE_STANDARD = gnu11;
				GCC_NO_COMMON_BLOCKS = YES;
				GCC_WARN_64_TO_32_BIT_CONVERSION = YES;
				GCC_WARN_ABOUT_RETURN_TYPE = YES_ERROR;
				GCC_WARN_UNDECLARED_SELECTOR = YES;
				GCC_WARN_UNINITIALIZED_AUTOS = YES_AGGRESSIVE;
				GCC_WARN_UNUSED_FUNCTION = YES;
				GCC_WARN_UNUSED_VARIABLE = YES;
				IPHONEOS_DEPLOYMENT_TARGET = 14.0;
				MTL_ENABLE_DEBUG_INFO = NO;
				MTL_FAST_MATH = YES;
				SDKROOT = iphoneos;
				SWIFT_COMPILATION_MODE = wholemodule;
				SWIFT_OPTIMIZATION_LEVEL = "-O";
				VALIDATE_PRODUCT = YES;
			};
			name = Release;
		};
		40FE8DA024F3D9E80082CB19 /* Debug */ = {
			isa = XCBuildConfiguration;
			buildSettings = {
				ASSETCATALOG_COMPILER_APPICON_NAME = AppIcon;
				ASSETCATALOG_COMPILER_GLOBAL_ACCENT_COLOR_NAME = AccentColor;
				CODE_SIGN_STYLE = Automatic;
				DEVELOPMENT_TEAM = 3Y322LSDU5;
				INFOPLIST_FILE = testRequest/Info.plist;
				IPHONEOS_DEPLOYMENT_TARGET = 13.6;
				LD_RUNPATH_SEARCH_PATHS = (
					"$(inherited)",
					"@executable_path/Frameworks",
				);
				PRODUCT_BUNDLE_IDENTIFIER = com.zm1capps.testRequest;
				PRODUCT_NAME = "$(TARGET_NAME)";
				SWIFT_VERSION = 5.0;
				TARGETED_DEVICE_FAMILY = 1;
			};
			name = Debug;
		};
		40FE8DA124F3D9E80082CB19 /* Release */ = {
			isa = XCBuildConfiguration;
			buildSettings = {
				ASSETCATALOG_COMPILER_APPICON_NAME = AppIcon;
				ASSETCATALOG_COMPILER_GLOBAL_ACCENT_COLOR_NAME = AccentColor;
				CODE_SIGN_STYLE = Automatic;
				DEVELOPMENT_TEAM = 3Y322LSDU5;
				INFOPLIST_FILE = testRequest/Info.plist;
				IPHONEOS_DEPLOYMENT_TARGET = 13.6;
				LD_RUNPATH_SEARCH_PATHS = (
					"$(inherited)",
					"@executable_path/Frameworks",
				);
				PRODUCT_BUNDLE_IDENTIFIER = com.zm1capps.testRequest;
				PRODUCT_NAME = "$(TARGET_NAME)";
				SWIFT_VERSION = 5.0;
				TARGETED_DEVICE_FAMILY = 1;
			};
			name = Release;
		};
/* End XCBuildConfiguration section */

/* Begin XCConfigurationList section */
		4071ADE425E7910000534ED3 /* Build configuration list for PBXNativeTarget "testRequestTests" */ = {
			isa = XCConfigurationList;
			buildConfigurations = (
				4071ADE225E7910000534ED3 /* Debug */,
				4071ADE325E7910000534ED3 /* Release */,
			);
			defaultConfigurationIsVisible = 0;
			defaultConfigurationName = Release;
		};
		40FE8D8624F3D9E70082CB19 /* Build configuration list for PBXProject "testRequest" */ = {
			isa = XCConfigurationList;
			buildConfigurations = (
				40FE8D9D24F3D9E80082CB19 /* Debug */,
				40FE8D9E24F3D9E80082CB19 /* Release */,
			);
			defaultConfigurationIsVisible = 0;
			defaultConfigurationName = Release;
		};
		40FE8D9F24F3D9E80082CB19 /* Build configuration list for PBXNativeTarget "testRequest" */ = {
			isa = XCConfigurationList;
			buildConfigurations = (
				40FE8DA024F3D9E80082CB19 /* Debug */,
				40FE8DA124F3D9E80082CB19 /* Release */,
			);
			defaultConfigurationIsVisible = 0;
			defaultConfigurationName = Release;
		};
/* End XCConfigurationList section */

/* Begin XCRemoteSwiftPackageReference section */
		409E479525EFD502006F5DA6 /* XCRemoteSwiftPackageReference "SnapKit" */ = {
			isa = XCRemoteSwiftPackageReference;
			repositoryURL = "https://github.com/SnapKit/SnapKit.git";
			requirement = {
				kind = upToNextMajorVersion;
				minimumVersion = 5.0.1;
			};
		};
/* End XCRemoteSwiftPackageReference section */

/* Begin XCSwiftPackageProductDependency section */
		409E479625EFD502006F5DA6 /* SnapKit */ = {
			isa = XCSwiftPackageProductDependency;
			package = 409E479525EFD502006F5DA6 /* XCRemoteSwiftPackageReference "SnapKit" */;
			productName = SnapKit;
		};
/* End XCSwiftPackageProductDependency section */
	};
	rootObject = 40FE8D8324F3D9E70082CB19 /* Project object */;
}
